
Microsoft Visual Studio Solution File, Format Version 11.00
# Visual Studio 2010
Project("{FAE04EC0-301F-11D3-BF4B-00C04F79EFBC}") = "Assembly-CSharp", "Assembly-CSharp.csproj", "{66E73332-C5C9-9089-8C87-ABCD8ADC4973}"
EndProject
Project("{FAE04EC0-301F-11D3-BF4B-00C04F79EFBC}") = "Assembly-CSharp-Editor", "Assembly-CSharp-Editor.csproj", "{8311A340-88B6-F990-6745-EDF121518C2D}"
EndProject
Global
	GlobalSection(SolutionConfigurationPlatforms) = preSolution
		Debug|Any CPU = Debug|Any CPU
		Release|Any CPU = Release|Any CPU
	EndGlobalSection
	GlobalSection(ProjectConfigurationPlatforms) = postSolution
		{66E73332-C5C9-9089-8C87-ABCD8ADC4973}.Debug|Any CPU.ActiveCfg = Debug|Any CPU
		{66E73332-C5C9-9089-8C87-ABCD8ADC4973}.Debug|Any CPU.Build.0 = Debug|Any CPU
		{66E73332-C5C9-9089-8C87-ABCD8ADC4973}.Release|Any CPU.ActiveCfg = Release|Any CPU
		{66E73332-C5C9-9089-8C87-ABCD8ADC4973}.Release|Any CPU.Build.0 = Release|Any CPU
		{8311A340-88B6-F990-6745-EDF121518C2D}.Debug|Any CPU.ActiveCfg = Debug|Any CPU
		{8311A340-88B6-F990-6745-EDF121518C2D}.Debug|Any CPU.Build.0 = Debug|Any CPU
		{8311A340-88B6-F990-6745-EDF121518C2D}.Release|Any CPU.ActiveCfg = Release|Any CPU
		{8311A340-88B6-F990-6745-EDF121518C2D}.Release|Any CPU.Build.0 = Release|Any CPU
	EndGlobalSection
	GlobalSection(SolutionProperties) = preSolution
		HideSolutionNode = FALSE
	EndGlobalSection
EndGlobal
